
Microsoft Visual Studio Solution File, Format Version 12.00
# Visual Studio Version 17
VisualStudioVersion = 17.7.34031.279
MinimumVisualStudioVersion = 10.0.40219.1
Project("{FAE04EC0-301F-11D3-BF4B-00C04F79EFBC}") = "MartinZumarraga_Ejercicio1CF", "MartinZumarraga_Ejercicio1CF.csproj", "{5A8B6296-47D5-409B-A372-7C4D0E97BAC7}"
EndProject
Global
	GlobalSection(SolutionConfigurationPlatforms) = preSolution
		Debug|Any CPU = Debug|Any CPU
		Release|Any CPU = Release|Any CPU
	EndGlobalSection
	GlobalSection(ProjectConfigurationPlatforms) = postSolution
		{5A8B6296-47D5-409B-A372-7C4D0E97BAC7}.Debug|Any CPU.ActiveCfg = Debug|Any CPU
		{5A8B6296-47D5-409B-A372-7C4D0E97BAC7}.Debug|Any CPU.Build.0 = Debug|Any CPU
		{5A8B6296-47D5-409B-A372-7C4D0E97BAC7}.Release|Any CPU.ActiveCfg = Release|Any CPU
		{5A8B6296-47D5-409B-A372-7C4D0E97BAC7}.Release|Any CPU.Build.0 = Release|Any CPU
	EndGlobalSection
	GlobalSection(SolutionProperties) = preSolution
		HideSolutionNode = FALSE
	EndGlobalSection
	GlobalSection(ExtensibilityGlobals) = postSolution
		SolutionGuid = {F31659D2-3C9D-4CFB-8731-AD60DD7F99C3}
	EndGlobalSection
EndGlobal
